// !$*UTF8*$!
{
	archiveVersion = 1;
	classes = {
	};
	objectVersion = 77;
	objects = {

/* Begin PBXContainerItemProxy section */
		83544FDF2D918E7000EBB491 /* PBXContainerItemProxy */ = {
			isa = PBXContainerItemProxy;
			containerPortal = 83544FC62D918E5200EBB491 /* Project object */;
			proxyType = 1;
			remoteGlobalIDString = 83544FCD2D918E5200EBB491;
			remoteInfo = Run_Map;
		};
		83544FE92D918E7000EBB491 /* PBXContainerItemProxy */ = {
			isa = PBXContainerItemProxy;
			containerPortal = 83544FC62D918E5200EBB491 /* Project object */;
			proxyType = 1;
			remoteGlobalIDString = 83544FCD2D918E5200EBB491;
			remoteInfo = Run_Map;
		};
/* End PBXContainerItemProxy section */

/* Begin PBXFileReference section */
		83544FCE2D918E5200EBB491 /* Run_Map.app */ = {isa = PBXFileReference; explicitFileType = wrapper.application; includeInIndex = 0; path = Run_Map.app; sourceTree = BUILT_PRODUCTS_DIR; };
		83544FDE2D918E7000EBB491 /* Run_MapTests.xctest */ = {isa = PBXFileReference; explicitFileType = wrapper.cfbundle; includeInIndex = 0; path = Run_MapTests.xctest; sourceTree = BUILT_PRODUCTS_DIR; };
		83544FE82D918E7000EBB491 /* Run_MapUITests.xctest */ = {isa = PBXFileReference; explicitFileType = wrapper.cfbundle; includeInIndex = 0; path = Run_MapUITests.xctest; sourceTree = BUILT_PRODUCTS_DIR; };
/* End PBXFileReference section */

/* Begin PBXFileSystemSynchronizedRootGroup section */
		83544FD02D918E5200EBB491 /* Run_Map */ = {
			isa = PBXFileSystemSynchronizedRootGroup;
			path = Run_Map;
			sourceTree = "<group>";
		};
		83544FE12D918E7000EBB491 /* Run_MapTests */ = {
			isa = PBXFileSystemSynchronizedRootGroup;
			path = Run_MapTests;
			sourceTree = "<group>";
		};
		83544FEB2D918E7000EBB491 /* Run_MapUITests */ = {
			isa = PBXFileSystemSynchronizedRootGroup;
			path = Run_MapUITests;
			sourceTree = "<group>";
		};
/* End PBXFileSystemSynchronizedRootGroup section */

/* Begin PBXFrameworksBuildPhase section */
		83544FCB2D918E5200EBB491 /* Frameworks */ = {
			isa = PBXFrameworksBuildPhase;
			buildActionMask = 2147483647;
			files = (
			);
			runOnlyForDeploymentPostprocessing = 0;
		};
		83544FDB2D918E7000EBB491 /* Frameworks */ = {
			isa = PBXFrameworksBuildPhase;
			buildActionMask = 2147483647;
			files = (
			);
			runOnlyForDeploymentPostprocessing = 0;
		};
		83544FE52D918E7000EBB491 /* Frameworks */ = {
			isa = PBXFrameworksBuildPhase;
			buildActionMask = 2147483647;
			files = (
			);
			runOnlyForDeploymentPostprocessing = 0;
		};
/* End PBXFrameworksBuildPhase section */

/* Begin PBXGroup section */
		83544FC52D918E5200EBB491 = {
			isa = PBXGroup;
			children = (
				83544FD02D918E5200EBB491 /* Run_Map */,
				83544FE12D918E7000EBB491 /* Run_MapTests */,
				83544FEB2D918E7000EBB491 /* Run_MapUITests */,
				83544FCF2D918E5200EBB491 /* Products */,
			);
			sourceTree = "<group>";
		};
		83544FCF2D918E5200EBB491 /* Products */ = {
			isa = PBXGroup;
			children = (
				83544FCE2D918E5200EBB491 /* Run_Map.app */,
				83544FDE2D918E7000EBB491 /* Run_MapTests.xctest */,
				83544FE82D918E7000EBB491 /* Run_MapUITests.xctest */,
			);
			name = Products;
			sourceTree = "<group>";
		};
/* End PBXGroup section */

/* Begin PBXNativeTarget section */
		83544FCD2D918E5200EBB491 /* Run_Map */ = {
			isa = PBXNativeTarget;
			buildConfigurationList = 83544FF22D918E7000EBB491 /* Build configuration list for PBXNativeTarget "Run_Map" */;
			buildPhases = (
				83544FCA2D918E5200EBB491 /* Sources */,
				83544FCB2D918E5200EBB491 /* Frameworks */,
				83544FCC2D918E5200EBB491 /* Resources */,
			);
			buildRules = (
			);
			dependencies = (
			);
			fileSystemSynchronizedGroups = (
				83544FD02D918E5200EBB491 /* Run_Map */,
			);
			name = Run_Map;
			packageProductDependencies = (
			);
			productName = Run_Map;
			productReference = 83544FCE2D918E5200EBB491 /* Run_Map.app */;
			productType = "com.apple.product-type.application";
		};
		83544FDD2D918E7000EBB491 /* Run_MapTests */ = {
			isa = PBXNativeTarget;
			buildConfigurationList = 83544FF52D918E7000EBB491 /* Build configuration list for PBXNativeTarget "Run_MapTests" */;
			buildPhases = (
				83544FDA2D918E7000EBB491 /* Sources */,
				83544FDB2D918E7000EBB491 /* Frameworks */,
				83544FDC2D918E7000EBB491 /* Resources */,
			);
			buildRules = (
			);
			dependencies = (
				83544FE02D918E7000EBB491 /* PBXTargetDependency */,
			);
			fileSystemSynchronizedGroups = (
				83544FE12D918E7000EBB491 /* Run_MapTests */,
			);
			name = Run_MapTests;
			packageProductDependencies = (
			);
			productName = Run_MapTests;
			productReference = 83544FDE2D918E7000EBB491 /* Run_MapTests.xctest */;
			productType = "com.apple.product-type.bundle.unit-test";
		};
		83544FE72D918E7000EBB491 /* Run_MapUITests */ = {
			isa = PBXNativeTarget;
			buildConfigurationList = 83544FF82D918E7000EBB491 /* Build configuration list for PBXNativeTarget "Run_MapUITests" */;
			buildPhases = (
				83544FE42D918E7000EBB491 /* Sources */,
				83544FE52D918E7000EBB491 /* Frameworks */,
				83544FE62D918E7000EBB491 /* Resources */,
			);
			buildRules = (
			);
			dependencies = (
				83544FEA2D918E7000EBB491 /* PBXTargetDependency */,
			);
			fileSystemSynchronizedGroups = (
				83544FEB2D918E7000EBB491 /* Run_MapUITests */,
			);
			name = Run_MapUITests;
			packageProductDependencies = (
			);
			productName = Run_MapUITests;
			productReference = 83544FE82D918E7000EBB491 /* Run_MapUITests.xctest */;
			productType = "com.apple.product-type.bundle.ui-testing";
		};
/* End PBXNativeTarget section */

/* Begin PBXProject section */
		83544FC62D918E5200EBB491 /* Project object */ = {
			isa = PBXProject;
			attributes = {
				BuildIndependentTargetsInParallel = 1;
				LastSwiftUpdateCheck = 1620;
				LastUpgradeCheck = 1620;
				TargetAttributes = {
					83544FCD2D918E5200EBB491 = {
						CreatedOnToolsVersion = 16.2;
					};
					83544FDD2D918E7000EBB491 = {
						CreatedOnToolsVersion = 16.2;
						TestTargetID = 83544FCD2D918E5200EBB491;
					};
					83544FE72D918E7000EBB491 = {
						CreatedOnToolsVersion = 16.2;
						TestTargetID = 83544FCD2D918E5200EBB491;
					};
				};
			};
			buildConfigurationList = 83544FC92D918E5200EBB491 /* Build configuration list for PBXProject "Run_Map" */;
			developmentRegion = en;
			hasScannedForEncodings = 0;
			knownRegions = (
				en,
				Base,
			);
			mainGroup = 83544FC52D918E5200EBB491;
			minimizedProjectReferenceProxies = 1;
			preferredProjectObjectVersion = 77;
			productRefGroup = 83544FCF2D918E5200EBB491 /* Products */;
			projectDirPath = "";
			projectRoot = "";
			targets = (
				83544FCD2D918E5200EBB491 /* Run_Map */,
				83544FDD2D918E7000EBB491 /* Run_MapTests */,
				83544FE72D918E7000EBB491 /* Run_MapUITests */,
			);
		};
/* End PBXProject section */

/* Begin PBXResourcesBuildPhase section */
		83544FCC2D918E5200EBB491 /* Resources */ = {
			isa = PBXResourcesBuildPhase;
			buildActionMask = 2147483647;
			files = (
			);
			runOnlyForDeploymentPostprocessing = 0;
		};
		83544FDC2D918E7000EBB491 /* Resources */ = {
			isa = PBXResourcesBuildPhase;
			buildActionMask = 2147483647;
			files = (
			);
			runOnlyForDeploymentPostprocessing = 0;
		};
		83544FE62D918E7000EBB491 /* Resources */ = {
			isa = PBXResourcesBuildPhase;
			buildActionMask = 2147483647;
			files = (
			);
			runOnlyForDeploymentPostprocessing = 0;
		};
/* End PBXResourcesBuildPhase section */

/* Begin PBXSourcesBuildPhase section */
		83544FCA2D918E5200EBB491 /* Sources */ = {
			isa = PBXSourcesBuildPhase;
			buildActionMask = 2147483647;
			files = (
			);
			runOnlyForDeploymentPostprocessing = 0;
		};
		83544FDA2D918E7000EBB491 /* Sources */ = {
			isa = PBXSourcesBuildPhase;
			buildActionMask = 2147483647;
			files = (
			);
			runOnlyForDeploymentPostprocessing = 0;
		};
		83544FE42D918E7000EBB491 /* Sources */ = {
			isa = PBXSourcesBuildPhase;
			buildActionMask = 2147483647;
			files = (
			);
			runOnlyForDeploymentPostprocessing = 0;
		};
/* End PBXSourcesBuildPhase section */

/* Begin PBXTargetDependency section */
		83544FE02D918E7000EBB491 /* PBXTargetDependency */ = {
			isa = PBXTargetDependency;
			target = 83544FCD2D918E5200EBB491 /* Run_Map */;
			targetProxy = 83544FDF2D918E7000EBB491 /* PBXContainerItemProxy */;
		};
		83544FEA2D918E7000EBB491 /* PBXTargetDependency */ = {
			isa = PBXTargetDependency;
			target = 83544FCD2D918E5200EBB491 /* Run_Map */;
			targetProxy = 83544FE92D918E7000EBB491 /* PBXContainerItemProxy */;
		};
/* End PBXTargetDependency section */

/* Begin XCBuildConfiguration section */
		83544FF02D918E7000EBB491 /* Debug */ = {
			isa = XCBuildConfiguration;
			buildSettings = {
				ALWAYS_SEARCH_USER_PATHS = NO;
				ASSETCATALOG_COMPILER_GENERATE_SWIFT_ASSET_SYMBOL_EXTENSIONS = YES;
				CLANG_ANALYZER_NONNULL = YES;
				CLANG_ANALYZER_NUMBER_OBJECT_CONVERSION = YES_AGGRESSIVE;
				CLANG_CXX_LANGUAGE_STANDARD = "gnu++20";
				CLANG_ENABLE_MODULES = YES;
				CLANG_ENABLE_OBJC_ARC = YES;
				CLANG_ENABLE_OBJC_WEAK = YES;
				CLANG_WARN_BLOCK_CAPTURE_AUTORELEASING = YES;
				CLANG_WARN_BOOL_CONVERSION = YES;
				CLANG_WARN_COMMA = YES;
				CLANG_WARN_CONSTANT_CONVERSION = YES;
				CLANG_WARN_DEPRECATED_OBJC_IMPLEMENTATIONS = YES;
				CLANG_WARN_DIRECT_OBJC_ISA_USAGE = YES_ERROR;
				CLANG_WARN_DOCUMENTATION_COMMENTS = YES;
				CLANG_WARN_EMPTY_BODY = YES;
				CLANG_WARN_ENUM_CONVERSION = YES;
				CLANG_WARN_INFINITE_RECURSION = YES;
				CLANG_WARN_INT_CONVERSION = YES;
				CLANG_WARN_NON_LITERAL_NULL_CONVERSION = YES;
				CLANG_WARN_OBJC_IMPLICIT_RETAIN_SELF = YES;
				CLANG_WARN_OBJC_LITERAL_CONVERSION = YES;
				CLANG_WARN_OBJC_ROOT_CLASS = YES_ERROR;
				CLANG_WARN_QUOTED_INCLUDE_IN_FRAMEWORK_HEADER = YES;
				CLANG_WARN_RANGE_LOOP_ANALYSIS = YES;
				CLANG_WARN_STRICT_PROTOTYPES = YES;
				CLANG_WARN_SUSPICIOUS_MOVE = YES;
				CLANG_WARN_UNGUARDED_AVAILABILITY = YES_AGGRESSIVE;
				CLANG_WARN_UNREACHABLE_CODE = YES;
				CLANG_WARN__DUPLICATE_METHOD_MATCH = YES;
				COPY_PHASE_STRIP = NO;
				DEBUG_INFORMATION_FORMAT = dwarf;
				ENABLE_STRICT_OBJC_MSGSEND = YES;
				ENABLE_TESTABILITY = YES;
				ENABLE_USER_SCRIPT_SANDBOXING = YES;
				GCC_C_LANGUAGE_STANDARD = gnu17;
				GCC_DYNAMIC_NO_PIC = NO;
				GCC_NO_COMMON_BLOCKS = YES;
				GCC_OPTIMIZATION_LEVEL = 0;
				GCC_PREPROCESSOR_DEFINITIONS = (
					"DEBUG=1",
					"$(inherited)",
				);
				GCC_WARN_64_TO_32_BIT_CONVERSION = YES;
				GCC_WARN_ABOUT_RETURN_TYPE = YES_ERROR;
				GCC_WARN_UNDECLARED_SELECTOR = YES;
				GCC_WARN_UNINITIALIZED_AUTOS = YES_AGGRESSIVE;
				GCC_WARN_UNUSED_FUNCTION = YES;
				GCC_WARN_UNUSED_VARIABLE = YES;
				IPHONEOS_DEPLOYMENT_TARGET = 18.2;
				LOCALIZATION_PREFERS_STRING_CATALOGS = YES;
				MTL_ENABLE_DEBUG_INFO = INCLUDE_SOURCE;
				MTL_FAST_MATH = YES;
				ONLY_ACTIVE_ARCH = YES;
				SDKROOT = iphoneos;
				SWIFT_ACTIVE_COMPILATION_CONDITIONS = "DEBUG $(inherited)";
				SWIFT_OPTIMIZATION_LEVEL = "-Onone";
			};
			name = Debug;
		};
		83544FF12D918E7000EBB491 /* Release */ = {
			isa = XCBuildConfiguration;
			buildSettings = {
				ALWAYS_SEARCH_USER_PATHS = NO;
				ASSETCATALOG_COMPILER_GENERATE_SWIFT_ASSET_SYMBOL_EXTENSIONS = YES;
				CLANG_ANALYZER_NONNULL = YES;
				CLANG_ANALYZER_NUMBER_OBJECT_CONVERSION = YES_AGGRESSIVE;
				CLANG_CXX_LANGUAGE_STANDARD = "gnu++20";
				CLANG_ENABLE_MODULES = YES;
				CLANG_ENABLE_OBJC_ARC = YES;
				CLANG_ENABLE_OBJC_WEAK = YES;
				CLANG_WARN_BLOCK_CAPTURE_AUTORELEASING = YES;
				CLANG_WARN_BOOL_CONVERSION = YES;
				CLANG_WARN_COMMA = YES;
				CLANG_WARN_CONSTANT_CONVERSION = YES;
				CLANG_WARN_DEPRECATED_OBJC_IMPLEMENTATIONS = YES;
				CLANG_WARN_DIRECT_OBJC_ISA_USAGE = YES_ERROR;
				CLANG_WARN_DOCUMENTATION_COMMENTS = YES;
				CLANG_WARN_EMPTY_BODY = YES;
				CLANG_WARN_ENUM_CONVERSION = YES;
				CLANG_WARN_INFINITE_RECURSION = YES;
				CLANG_WARN_INT_CONVERSION = YES;
				CLANG_WARN_NON_LITERAL_NULL_CONVERSION = YES;
				CLANG_WARN_OBJC_IMPLICIT_RETAIN_SELF = YES;
				CLANG_WARN_OBJC_LITERAL_CONVERSION = YES;
				CLANG_WARN_OBJC_ROOT_CLASS = YES_ERROR;
				CLANG_WARN_QUOTED_INCLUDE_IN_FRAMEWORK_HEADER = YES;
				CLANG_WARN_RANGE_LOOP_ANALYSIS = YES;
				CLANG_WARN_STRICT_PROTOTYPES = YES;
				CLANG_WARN_SUSPICIOUS_MOVE = YES;
				CLANG_WARN_UNGUARDED_AVAILABILITY = YES_AGGRESSIVE;
				CLANG_WARN_UNREACHABLE_CODE = YES;
				CLANG_WARN__DUPLICATE_METHOD_MATCH = YES;
				COPY_PHASE_STRIP = NO;
				DEBUG_INFORMATION_FORMAT = "dwarf-with-dsym";
				ENABLE_NS_ASSERTIONS = NO;
				ENABLE_STRICT_OBJC_MSGSEND = YES;
				ENABLE_USER_SCRIPT_SANDBOXING = YES;
				GCC_C_LANGUAGE_STANDARD = gnu17;
				GCC_NO_COMMON_BLOCKS = YES;
				GCC_WARN_64_TO_32_BIT_CONVERSION = YES;
				GCC_WARN_ABOUT_RETURN_TYPE = YES_ERROR;
				GCC_WARN_UNDECLARED_SELECTOR = YES;
				GCC_WARN_UNINITIALIZED_AUTOS = YES_AGGRESSIVE;
				GCC_WARN_UNUSED_FUNCTION = YES;
				GCC_WARN_UNUSED_VARIABLE = YES;
				IPHONEOS_DEPLOYMENT_TARGET = 18.2;
				LOCALIZATION_PREFERS_STRING_CATALOGS = YES;
				MTL_ENABLE_DEBUG_INFO = NO;
				MTL_FAST_MATH = YES;
				SDKROOT = iphoneos;
				SWIFT_COMPILATION_MODE = wholemodule;
				VALIDATE_PRODUCT = YES;
			};
			name = Release;
		};
		83544FF32D918E7000EBB491 /* Debug */ = {
			isa = XCBuildConfiguration;
			buildSettings = {
				ASSETCATALOG_COMPILER_APPICON_NAME = AppIcon;
				ASSETCATALOG_COMPILER_GLOBAL_ACCENT_COLOR_NAME = AccentColor;
				CODE_SIGN_ENTITLEMENTS = Run_Map/Run_Map.entitlements;
				CODE_SIGN_IDENTITY = "Apple Development";
				CODE_SIGN_STYLE = Automatic;
				CURRENT_PROJECT_VERSION = 1;
				DEVELOPMENT_ASSET_PATHS = "\"Run_Map/Preview Content\"";
				DEVELOPMENT_TEAM = Y6786ATMVK;
				ENABLE_PREVIEWS = YES;
				GENERATE_INFOPLIST_FILE = YES;
				INFOPLIST_KEY_CFBundleDisplayName = "Run map";
				INFOPLIST_KEY_NSHealthShareUsageDescription = "This app reads your running workouts and routes to show them on a map.";
				INFOPLIST_KEY_UIApplicationSceneManifest_Generation = YES;
				INFOPLIST_KEY_UIApplicationSupportsIndirectInputEvents = YES;
				INFOPLIST_KEY_UILaunchScreen_Generation = YES;
				INFOPLIST_KEY_UISupportedInterfaceOrientations_iPad = "UIInterfaceOrientationPortrait UIInterfaceOrientationPortraitUpsideDown UIInterfaceOrientationLandscapeLeft UIInterfaceOrientationLandscapeRight";
				INFOPLIST_KEY_UISupportedInterfaceOrientations_iPhone = "UIInterfaceOrientationPortrait UIInterfaceOrientationLandscapeLeft UIInterfaceOrientationLandscapeRight";
				IPHONEOS_DEPLOYMENT_TARGET = 16.6;
				LD_RUNPATH_SEARCH_PATHS = (
					"$(inherited)",
					"@executable_path/Frameworks",
				);
				MARKETING_VERSION = 1.0;
				PRODUCT_BUNDLE_IDENTIFIER = com.chris.RunMap;
				PRODUCT_NAME = "$(TARGET_NAME)";
				PROVISIONING_PROFILE_SPECIFIER = "";
				SWIFT_EMIT_LOC_STRINGS = YES;
				SWIFT_VERSION = 5.0;
				TARGETED_DEVICE_FAMILY = "1,2";
			};
			name = Debug;
		};
		83544FF42D918E7000EBB491 /* Release */ = {
			isa = XCBuildConfiguration;
			buildSettings = {
				ASSETCATALOG_COMPILER_APPICON_NAME = AppIcon;
				ASSETCATALOG_COMPILER_GLOBAL_ACCENT_COLOR_NAME = AccentColor;
				CODE_SIGN_ENTITLEMENTS = Run_Map/Run_Map.entitlements;
				CODE_SIGN_IDENTITY = "Apple Development";
				CODE_SIGN_STYLE = Automatic;
				CURRENT_PROJECT_VERSION = 1;
				DEVELOPMENT_ASSET_PATHS = "\"Run_Map/Preview Content\"";
				DEVELOPMENT_TEAM = Y6786ATMVK;
				ENABLE_PREVIEWS = YES;
				GENERATE_INFOPLIST_FILE = YES;
				INFOPLIST_KEY_CFBundleDisplayName = "Run map";
				INFOPLIST_KEY_NSHealthShareUsageDescription = "This app reads your running workouts and routes to show them on a map.";
				INFOPLIST_KEY_UIApplicationSceneManifest_Generation = YES;
				INFOPLIST_KEY_UIApplicationSupportsIndirectInputEvents = YES;
				INFOPLIST_KEY_UILaunchScreen_Generation = YES;
				INFOPLIST_KEY_UISupportedInterfaceOrientations_iPad = "UIInterfaceOrientationPortrait UIInterfaceOrientationPortraitUpsideDown UIInterfaceOrientationLandscapeLeft UIInterfaceOrientationLandscapeRight";
				INFOPLIST_KEY_UISupportedInterfaceOrientations_iPhone = "UIInterfaceOrientationPortrait UIInterfaceOrientationLandscapeLeft UIInterfaceOrientationLandscapeRight";
				IPHONEOS_DEPLOYMENT_TARGET = 16.6;
				LD_RUNPATH_SEARCH_PATHS = (
					"$(inherited)",
					"@executable_path/Frameworks",
				);
				MARKETING_VERSION = 1.0;
				PRODUCT_BUNDLE_IDENTIFIER = com.chris.RunMap;
				PRODUCT_NAME = "$(TARGET_NAME)";
				PROVISIONING_PROFILE_SPECIFIER = "";
				SWIFT_EMIT_LOC_STRINGS = YES;
				SWIFT_VERSION = 5.0;
				TARGETED_DEVICE_FAMILY = "1,2";
			};
			name = Release;
		};
		83544FF62D918E7000EBB491 /* Debug */ = {
			isa = XCBuildConfiguration;
			buildSettings = {
				BUNDLE_LOADER = "$(TEST_HOST)";
				CODE_SIGN_STYLE = Automatic;
				CURRENT_PROJECT_VERSION = 1;
				GENERATE_INFOPLIST_FILE = YES;
				IPHONEOS_DEPLOYMENT_TARGET = 18.2;
				MARKETING_VERSION = 1.0;
				PRODUCT_BUNDLE_IDENTIFIER = "Chris.Run-MapTests";
				PRODUCT_NAME = "$(TARGET_NAME)";
				SWIFT_EMIT_LOC_STRINGS = NO;
				SWIFT_VERSION = 5.0;
				TARGETED_DEVICE_FAMILY = "1,2";
				TEST_HOST = "$(BUILT_PRODUCTS_DIR)/Run_Map.app/$(BUNDLE_EXECUTABLE_FOLDER_PATH)/Run_Map";
			};
			name = Debug;
		};
		83544FF72D918E7000EBB491 /* Release */ = {
			isa = XCBuildConfiguration;
			buildSettings = {
				BUNDLE_LOADER = "$(TEST_HOST)";
				CODE_SIGN_STYLE = Automatic;
				CURRENT_PROJECT_VERSION = 1;
				GENERATE_INFOPLIST_FILE = YES;
				IPHONEOS_DEPLOYMENT_TARGET = 18.2;
				MARKETING_VERSION = 1.0;
				PRODUCT_BUNDLE_IDENTIFIER = "Chris.Run-MapTests";
				PRODUCT_NAME = "$(TARGET_NAME)";
				SWIFT_EMIT_LOC_STRINGS = NO;
				SWIFT_VERSION = 5.0;
				TARGETED_DEVICE_FAMILY = "1,2";
				TEST_HOST = "$(BUILT_PRODUCTS_DIR)/Run_Map.app/$(BUNDLE_EXECUTABLE_FOLDER_PATH)/Run_Map";
			};
			name = Release;
		};
		83544FF92D918E7000EBB491 /* Debug */ = {
			isa = XCBuildConfiguration;
			buildSettings = {
				CODE_SIGN_STYLE = Automatic;
				CURRENT_PROJECT_VERSION = 1;
				GENERATE_INFOPLIST_FILE = YES;
				MARKETING_VERSION = 1.0;
				PRODUCT_BUNDLE_IDENTIFIER = "Chris.Run-MapUITests";
				PRODUCT_NAME = "$(TARGET_NAME)";
				SWIFT_EMIT_LOC_STRINGS = NO;
				SWIFT_VERSION = 5.0;
				TARGETED_DEVICE_FAMILY = "1,2";
				TEST_TARGET_NAME = Run_Map;
			};
			name = Debug;
		};
		83544FFA2D918E7000EBB491 /* Release */ = {
			isa = XCBuildConfiguration;
			buildSettings = {
				CODE_SIGN_STYLE = Automatic;
				CURRENT_PROJECT_VERSION = 1;
				GENERATE_INFOPLIST_FILE = YES;
				MARKETING_VERSION = 1.0;
				PRODUCT_BUNDLE_IDENTIFIER = "Chris.Run-MapUITests";
				PRODUCT_NAME = "$(TARGET_NAME)";
				SWIFT_EMIT_LOC_STRINGS = NO;
				SWIFT_VERSION = 5.0;
				TARGETED_DEVICE_FAMILY = "1,2";
				TEST_TARGET_NAME = Run_Map;
			};
			name = Release;
		};
/* End XCBuildConfiguration section */

/* Begin XCConfigurationList section */
		83544FC92D918E5200EBB491 /* Build configuration list for PBXProject "Run_Map" */ = {
			isa = XCConfigurationList;
			buildConfigurations = (
				83544FF02D918E7000EBB491 /* Debug */,
				83544FF12D918E7000EBB491 /* Release */,
			);
			defaultConfigurationIsVisible = 0;
			defaultConfigurationName = Release;
		};
		83544FF22D918E7000EBB491 /* Build configuration list for PBXNativeTarget "Run_Map" */ = {
			isa = XCConfigurationList;
			buildConfigurations = (
				83544FF32D918E7000EBB491 /* Debug */,
				83544FF42D918E7000EBB491 /* Release */,
			);
			defaultConfigurationIsVisible = 0;
			defaultConfigurationName = Release;
		};
		83544FF52D918E7000EBB491 /* Build configuration list for PBXNativeTarget "Run_MapTests" */ = {
			isa = XCConfigurationList;
			buildConfigurations = (
				83544FF62D918E7000EBB491 /* Debug */,
				83544FF72D918E7000EBB491 /* Release */,
			);
			defaultConfigurationIsVisible = 0;
			defaultConfigurationName = Release;
		};
		83544FF82D918E7000EBB491 /* Build configuration list for PBXNativeTarget "Run_MapUITests" */ = {
			isa = XCConfigurationList;
			buildConfigurations = (
				83544FF92D918E7000EBB491 /* Debug */,
				83544FFA2D918E7000EBB491 /* Release */,
			);
			defaultConfigurationIsVisible = 0;
			defaultConfigurationName = Release;
		};
/* End XCConfigurationList section */
	};
	rootObject = 83544FC62D918E5200EBB491 /* Project object */;
}
